
Microsoft Visual Studio Solution File, Format Version 12.00
# Visual Studio 14
VisualStudioVersion = 14.0.25420.1
MinimumVisualStudioVersion = 10.0.40219.1
Project("{FAE04EC0-301F-11D3-BF4B-00C04F79EFBC}") = "BiBi.WebAPI", "BiBi.WebAPI\BiBi.WebAPI.csproj", "{1F7EAE95-227C-443F-A623-FD07C56AF8BC}"
EndProject
Project("{FAE04EC0-301F-11D3-BF4B-00C04F79EFBC}") = "BiBi.Domain", "BiBi.Domain\BiBi.Domain.csproj", "{B1BAA14C-6D96-46F8-8ED2-BB32FDCEE1AD}"
EndProject
Project("{FAE04EC0-301F-11D3-BF4B-00C04F79EFBC}") = "BiBi.DataAccess", "BiBi.DataAccess\BiBi.DataAccess.csproj", "{96662091-5971-40D3-99B9-718194157E9B}"
EndProject
Project("{FAE04EC0-301F-11D3-BF4B-00C04F79EFBC}") = "UnitTest", "UnitTest\UnitTest.csproj", "{C9AEF516-9063-4898-9FC6-499F9E0B99F3}"
EndProject
Project("{2150E333-8FDC-42A3-9474-1A3956D46DE8}") = "Documents", "Documents", "{730A5AF9-8070-433F-B58E-D547124E0283}"
	ProjectSection(SolutionItems) = preProject
		PROJECT_INFORMATION.txt = PROJECT_INFORMATION.txt
		TO_DO_LIST.txt = TO_DO_LIST.txt
	EndProjectSection
EndProject
Project("{FAE04EC0-301F-11D3-BF4B-00C04F79EFBC}") = "BiBi.Infrastructure", "BiBi.Infrastructure\BiBi.Infrastructure.csproj", "{4EB7E0B7-C618-4B2E-951B-1BB81C01483C}"
EndProject
Global
	GlobalSection(SolutionConfigurationPlatforms) = preSolution
		Debug|Any CPU = Debug|Any CPU
		Release|Any CPU = Release|Any CPU
	EndGlobalSection
	GlobalSection(ProjectConfigurationPlatforms) = postSolution
		{1F7EAE95-227C-443F-A623-FD07C56AF8BC}.Debug|Any CPU.ActiveCfg = Debug|Any CPU
		{1F7EAE95-227C-443F-A623-FD07C56AF8BC}.Debug|Any CPU.Build.0 = Debug|Any CPU
		{1F7EAE95-227C-443F-A623-FD07C56AF8BC}.Release|Any CPU.ActiveCfg = Release|Any CPU
		{1F7EAE95-227C-443F-A623-FD07C56AF8BC}.Release|Any CPU.Build.0 = Release|Any CPU
		{B1BAA14C-6D96-46F8-8ED2-BB32FDCEE1AD}.Debug|Any CPU.ActiveCfg = Debug|Any CPU
		{B1BAA14C-6D96-46F8-8ED2-BB32FDCEE1AD}.Debug|Any CPU.Build.0 = Debug|Any CPU
		{B1BAA14C-6D96-46F8-8ED2-BB32FDCEE1AD}.Release|Any CPU.ActiveCfg = Release|Any CPU
		{B1BAA14C-6D96-46F8-8ED2-BB32FDCEE1AD}.Release|Any CPU.Build.0 = Release|Any CPU
		{96662091-5971-40D3-99B9-718194157E9B}.Debug|Any CPU.ActiveCfg = Debug|Any CPU
		{96662091-5971-40D3-99B9-718194157E9B}.Debug|Any CPU.Build.0 = Debug|Any CPU
		{96662091-5971-40D3-99B9-718194157E9B}.Release|Any CPU.ActiveCfg = Release|Any CPU
		{96662091-5971-40D3-99B9-718194157E9B}.Release|Any CPU.Build.0 = Release|Any CPU
		{C9AEF516-9063-4898-9FC6-499F9E0B99F3}.Debug|Any CPU.ActiveCfg = Debug|Any CPU
		{C9AEF516-9063-4898-9FC6-499F9E0B99F3}.Debug|Any CPU.Build.0 = Debug|Any CPU
		{C9AEF516-9063-4898-9FC6-499F9E0B99F3}.Release|Any CPU.ActiveCfg = Release|Any CPU
		{C9AEF516-9063-4898-9FC6-499F9E0B99F3}.Release|Any CPU.Build.0 = Release|Any CPU
		{4EB7E0B7-C618-4B2E-951B-1BB81C01483C}.Debug|Any CPU.ActiveCfg = Debug|Any CPU
		{4EB7E0B7-C618-4B2E-951B-1BB81C01483C}.Debug|Any CPU.Build.0 = Debug|Any CPU
		{4EB7E0B7-C618-4B2E-951B-1BB81C01483C}.Release|Any CPU.ActiveCfg = Release|Any CPU
		{4EB7E0B7-C618-4B2E-951B-1BB81C01483C}.Release|Any CPU.Build.0 = Release|Any CPU
	EndGlobalSection
	GlobalSection(SolutionProperties) = preSolution
		HideSolutionNode = FALSE
	EndGlobalSection
EndGlobal
